{
    "name": "kuskus-kusto-language-server",
    "version": "3.4.2",
    "lockfileVersion": 2,
    "requires": true,
    "packages": {
        "": {
            "name": "kuskus-kusto-language-server",
            "version": "3.4.2",
            "hasInstallScript": true,
            "license": "Apache-2.0",
            "devDependencies": {
                "@types/node": "^22.0.2",
                "typescript": "^5.5.4"
            },
            "engines": {
                "vscode": "^1.85.0"
            }
        },
        "node_modules/@types/node": {
            "version": "22.0.2",
            "resolved": "https://registry.npmjs.org/@types/node/-/node-22.0.2.tgz",
            "integrity": "sha512-yPL6DyFwY5PiMVEwymNeqUTKsDczQBJ/5T7W/46RwLU/VH+AA8aT5TZkvBviLKLbbm0hlfftEkGrNzfRk/fofQ==",
            "dev": true,
            "dependencies": {
                "undici-types": "~6.11.1"
            }
        },
        "node_modules/typescript": {
            "version": "5.5.4",
            "resolved": "https://registry.npmjs.org/typescript/-/typescript-5.5.4.tgz",
            "integrity": "sha512-Mtq29sKDAEYP7aljRgtPOpTvOfbwRWlS6dPRzwjdE+C0R4brX/GUyhHSecbHMFLNBLcJIPt9nl9yG5TZ1weH+Q==",
            "dev": true,
            "bin": {
                "tsc": "bin/tsc",
                "tsserver": "bin/tsserver"
            },
            "engines": {
                "node": ">=14.17"
            }
        },
        "node_modules/undici-types": {
            "version": "6.11.1",
            "resolved": "https://registry.npmjs.org/undici-types/-/undici-types-6.11.1.tgz",
            "integrity": "sha512-mIDEX2ek50x0OlRgxryxsenE5XaQD4on5U2inY7RApK3SOJpofyw7uW2AyfMKkhAxXIceo2DeWGVGwyvng1GNQ==",
            "dev": true
        }
    },
    "dependencies": {
        "@types/node": {
            "version": "22.0.2",
            "resolved": "https://registry.npmjs.org/@types/node/-/node-22.0.2.tgz",
            "integrity": "sha512-yPL6DyFwY5PiMVEwymNeqUTKsDczQBJ/5T7W/46RwLU/VH+AA8aT5TZkvBviLKLbbm0hlfftEkGrNzfRk/fofQ==",
            "dev": true,
            "requires": {
                "undici-types": "~6.11.1"
            }
        },
        "typescript": {
            "version": "5.5.4",
            "resolved": "https://registry.npmjs.org/typescript/-/typescript-5.5.4.tgz",
            "integrity": "sha512-Mtq29sKDAEYP7aljRgtPOpTvOfbwRWlS6dPRzwjdE+C0R4brX/GUyhHSecbHMFLNBLcJIPt9nl9yG5TZ1weH+Q==",
            "dev": true
        },
        "undici-types": {
            "version": "6.11.1",
            "resolved": "https://registry.npmjs.org/undici-types/-/undici-types-6.11.1.tgz",
            "integrity": "sha512-mIDEX2ek50x0OlRgxryxsenE5XaQD4on5U2inY7RApK3SOJpofyw7uW2AyfMKkhAxXIceo2DeWGVGwyvng1GNQ==",
            "dev": true
        }
    }
}
