{
	"name": "kuskus-kusto-language-server-client",
	"version": "1.0.0",
	"lockfileVersion": 1,
	"requires": true,
	"dependencies": {
		"@tootallnate/once": {
			"version": "1.1.2",
			"resolved": "https://registry.npmjs.org/@tootallnate/once/-/once-1.1.2.tgz",
			"integrity": "sha512-RbzJvlNzmRq5c3O09UipeuXno4tA1FE6ikOjxZK0tuxVv3412l64l5t1W5pj4+rJq9vpkm/kwiR07aZXnsKPxw==",
			"dev": true
		},
		"@types/vscode": {
			"version": "1.62.0",
			"resolved": "https://registry.npmjs.org/@types/vscode/-/vscode-1.62.0.tgz",
			"integrity": "sha512-iGlQJ1w5e3qPUryroO6v4lxg3ql1ztdTCwQW3xEwFawdyPLoeUSv48SYfMwc7kQA7h6ThUqflZIjgKAykeF9oA==",
			"dev": true
		},
		"@vscode/test-electron": {
			"version": "1.6.2",
			"resolved": "https://registry.npmjs.org/@vscode/test-electron/-/test-electron-1.6.2.tgz",
			"integrity": "sha512-W01ajJEMx6223Y7J5yaajGjVs1QfW3YGkkOJHVKfAMEqNB1ZHN9wCcViehv5ZwVSSJnjhu6lYEYgwBdHtCxqhQ==",
			"dev": true,
			"requires": {
				"http-proxy-agent": "^4.0.1",
				"https-proxy-agent": "^5.0.0",
				"rimraf": "^3.0.2",
				"unzipper": "^0.10.11"
			},
			"dependencies": {
				"agent-base": {
					"version": "6.0.2",
					"resolved": "https://registry.npmjs.org/agent-base/-/agent-base-6.0.2.tgz",
					"integrity": "sha512-RZNwNclF7+MS/8bDg70amg32dyeZGZxiDuQmZxKLAlQjr3jGyLx+4Kkk58UO7D2QdgFIQCovuSuZESne6RG6XQ==",
					"dev": true,
					"requires": {
						"debug": "4"
					}
				},
				"debug": {
					"version": "4.3.3",
					"resolved": "https://registry.npmjs.org/debug/-/debug-4.3.3.tgz",
					"integrity": "sha512-/zxw5+vh1Tfv+4Qn7a5nsbcJKPaSvCDhojn6FEl9vupwK2VCSDtEiEtqr8DFtzYFOdz63LBkxec7DYuc2jon6Q==",
					"dev": true,
					"requires": {
						"ms": "2.1.2"
					}
				},
				"http-proxy-agent": {
					"version": "4.0.1",
					"resolved": "https://registry.npmjs.org/http-proxy-agent/-/http-proxy-agent-4.0.1.tgz",
					"integrity": "sha512-k0zdNgqWTGA6aeIRVpvfVob4fL52dTfaehylg0Y4UvSySvOq/Y+BOyPrgpUrA7HylqvU8vIZGsRuXmspskV0Tg==",
					"dev": true,
					"requires": {
						"@tootallnate/once": "1",
						"agent-base": "6",
						"debug": "4"
					}
				},
				"https-proxy-agent": {
					"version": "5.0.0",
					"resolved": "https://registry.npmjs.org/https-proxy-agent/-/https-proxy-agent-5.0.0.tgz",
					"integrity": "sha512-EkYm5BcKUGiduxzSt3Eppko+PiNWNEpa4ySk9vTC6wDsQJW9rHSa+UhGNJoRYp7bz6Ht1eaRIa6QaJqO5rCFbA==",
					"dev": true,
					"requires": {
						"agent-base": "6",
						"debug": "4"
					}
				},
				"ms": {
					"version": "2.1.2",
					"resolved": "https://registry.npmjs.org/ms/-/ms-2.1.2.tgz",
					"integrity": "sha512-sGkPx+VjMtmA6MX27oA4FBFELFCZZ4S4XqeGOXCv68tT+jb3vk/RyaKWP0PTKyWtmLSM0b+adUTEvbs1PEaH2w==",
					"dev": true
				}
			}
		},
		"arch": {
			"version": "2.2.0",
			"resolved": "https://registry.npmjs.org/arch/-/arch-2.2.0.tgz",
			"integrity": "sha512-Of/R0wqp83cgHozfIYLbBMnej79U/SVGOOyuB3VVFv1NRM/PSFMK12x9KVtiYzJqmnU5WR2qp0Z5rHb7sWGnFQ=="
		},
		"balanced-match": {
			"version": "1.0.0",
			"resolved": "https://registry.npmjs.org/balanced-match/-/balanced-match-1.0.0.tgz",
			"integrity": "sha1-ibTRmasr7kneFk6gK4nORi1xt2c=",
			"dev": true
		},
		"big-integer": {
			"version": "1.6.51",
			"resolved": "https://registry.npmjs.org/big-integer/-/big-integer-1.6.51.tgz",
			"integrity": "sha512-GPEid2Y9QU1Exl1rpO9B2IPJGHPSupF5GnVIP0blYvNOMer2bTvSWs1jGOUg04hTmu67nmLsQ9TBo1puaotBHg==",
			"dev": true
		},
		"binary": {
			"version": "0.3.0",
			"resolved": "https://registry.npmjs.org/binary/-/binary-0.3.0.tgz",
			"integrity": "sha1-n2BVO8XOjDOG87VTz/R0Yq3sqnk=",
			"dev": true,
			"requires": {
				"buffers": "~0.1.1",
				"chainsaw": "~0.1.0"
			}
		},
		"bluebird": {
			"version": "3.4.7",
			"resolved": "https://registry.npmjs.org/bluebird/-/bluebird-3.4.7.tgz",
			"integrity": "sha1-9y12C+Cbf3bQjtj66Ysomo0F+rM=",
			"dev": true
		},
		"brace-expansion": {
			"version": "1.1.11",
			"resolved": "https://registry.npmjs.org/brace-expansion/-/brace-expansion-1.1.11.tgz",
			"integrity": "sha512-iCuPHDFgrHX7H2vEI/5xpz07zSHB00TpugqhmYtVmMO6518mCuRMoOYFldEBl0g187ufozdaHgWKcYFb61qGiA==",
			"dev": true,
			"requires": {
				"balanced-match": "^1.0.0",
				"concat-map": "0.0.1"
			}
		},
		"buffer-indexof-polyfill": {
			"version": "1.0.2",
			"resolved": "https://registry.npmjs.org/buffer-indexof-polyfill/-/buffer-indexof-polyfill-1.0.2.tgz",
			"integrity": "sha512-I7wzHwA3t1/lwXQh+A5PbNvJxgfo5r3xulgpYDB5zckTu/Z9oUK9biouBKQUjEqzaz3HnAT6TYoovmE+GqSf7A==",
			"dev": true
		},
		"buffers": {
			"version": "0.1.1",
			"resolved": "https://registry.npmjs.org/buffers/-/buffers-0.1.1.tgz",
			"integrity": "sha1-skV5w77U1tOWru5tmorn9Ugqt7s=",
			"dev": true
		},
		"chainsaw": {
			"version": "0.1.0",
			"resolved": "https://registry.npmjs.org/chainsaw/-/chainsaw-0.1.0.tgz",
			"integrity": "sha1-XqtQsor+WAdNDVgpE4iCi15fvJg=",
			"dev": true,
			"requires": {
				"traverse": ">=0.3.0 <0.4"
			}
		},
		"clipboardy": {
			"version": "3.0.0",
			"resolved": "https://registry.npmjs.org/clipboardy/-/clipboardy-3.0.0.tgz",
			"integrity": "sha512-Su+uU5sr1jkUy1sGRpLKjKrvEOVXgSgiSInwa/qeID6aJ07yh+5NWc3h2QfjHjBnfX4LhtFcuAWKUsJ3r+fjbg==",
			"requires": {
				"arch": "^2.2.0",
				"execa": "^5.1.1",
				"is-wsl": "^2.2.0"
			},
			"dependencies": {
				"is-wsl": {
					"version": "2.2.0",
					"resolved": "https://registry.npmjs.org/is-wsl/-/is-wsl-2.2.0.tgz",
					"integrity": "sha512-fKzAra0rGJUUBwGBgNkHZuToZcn+TtXHpeCgmkMJMMYx1sQDYaCSyjJBSCa2nH1DGm7s3n1oBnohoVTBaN7Lww==",
					"requires": {
						"is-docker": "^2.0.0"
					}
				}
			}
		},
		"concat-map": {
			"version": "0.0.1",
			"resolved": "https://registry.npmjs.org/concat-map/-/concat-map-0.0.1.tgz",
			"integrity": "sha1-2Klr13/Wjfd5OnMDajug1UBdR3s=",
			"dev": true
		},
		"core-util-is": {
			"version": "1.0.2",
			"resolved": "https://registry.npmjs.org/core-util-is/-/core-util-is-1.0.2.tgz",
			"integrity": "sha1-tf1UIgqivFq1eqtxQMlAdUUDwac=",
			"dev": true
		},
		"cross-spawn": {
			"version": "7.0.3",
			"resolved": "https://registry.npmjs.org/cross-spawn/-/cross-spawn-7.0.3.tgz",
			"integrity": "sha512-iRDPJKUPVEND7dHPO8rkbOnPpyDygcDFtWjpeWNCgy8WP2rXcxXL8TskReQl6OrB2G7+UJrags1q15Fudc7G6w==",
			"requires": {
				"path-key": "^3.1.0",
				"shebang-command": "^2.0.0",
				"which": "^2.0.1"
			}
		},
		"duplexer2": {
			"version": "0.1.4",
			"resolved": "https://registry.npmjs.org/duplexer2/-/duplexer2-0.1.4.tgz",
			"integrity": "sha1-ixLauHjA1p4+eJEFFmKjL8a93ME=",
			"dev": true,
			"requires": {
				"readable-stream": "^2.0.2"
			}
		},
		"execa": {
			"version": "5.1.1",
			"resolved": "https://registry.npmjs.org/execa/-/execa-5.1.1.tgz",
			"integrity": "sha512-8uSpZZocAZRBAPIEINJj3Lo9HyGitllczc27Eh5YYojjMFMn8yHMDMaUHE2Jqfq05D/wucwI4JGURyXt1vchyg==",
			"requires": {
				"cross-spawn": "^7.0.3",
				"get-stream": "^6.0.0",
				"human-signals": "^2.1.0",
				"is-stream": "^2.0.0",
				"merge-stream": "^2.0.0",
				"npm-run-path": "^4.0.1",
				"onetime": "^5.1.2",
				"signal-exit": "^3.0.3",
				"strip-final-newline": "^2.0.0"
			}
		},
		"fs.realpath": {
			"version": "1.0.0",
			"resolved": "https://registry.npmjs.org/fs.realpath/-/fs.realpath-1.0.0.tgz",
			"integrity": "sha1-FQStJSMVjKpA20onh8sBQRmU6k8=",
			"dev": true
		},
		"fstream": {
			"version": "1.0.12",
			"resolved": "https://registry.npmjs.org/fstream/-/fstream-1.0.12.tgz",
			"integrity": "sha512-WvJ193OHa0GHPEL+AycEJgxvBEwyfRkN1vhjca23OaPVMCaLCXTd5qAu82AjTcgP1UJmytkOKb63Ypde7raDIg==",
			"dev": true,
			"requires": {
				"graceful-fs": "^4.1.2",
				"inherits": "~2.0.0",
				"mkdirp": ">=0.5 0",
				"rimraf": "2"
			},
			"dependencies": {
				"rimraf": {
					"version": "2.7.1",
					"resolved": "https://registry.npmjs.org/rimraf/-/rimraf-2.7.1.tgz",
					"integrity": "sha512-uWjbaKIK3T1OSVptzX7Nl6PvQ3qAGtKEtVRjRuazjfL3Bx5eI409VZSqgND+4UNnmzLVdPj9FqFJNPqBZFve4w==",
					"dev": true,
					"requires": {
						"glob": "^7.1.3"
					}
				}
			}
		},
		"get-stream": {
			"version": "6.0.1",
			"resolved": "https://registry.npmjs.org/get-stream/-/get-stream-6.0.1.tgz",
			"integrity": "sha512-ts6Wi+2j3jQjqi70w5AlN8DFnkSwC+MqmxEzdEALB2qXZYV3X/b1CTfgPLGJNMeAWxdPfU8FO1ms3NUfaHCPYg=="
		},
		"glob": {
			"version": "7.1.4",
			"resolved": "https://registry.npmjs.org/glob/-/glob-7.1.4.tgz",
			"integrity": "sha512-hkLPepehmnKk41pUGm3sYxoFs/umurYfYJCerbXEyFIWcAzvpipAgVkBqqT9RBKMGjnq6kMuyYwha6csxbiM1A==",
			"dev": true,
			"requires": {
				"fs.realpath": "^1.0.0",
				"inflight": "^1.0.4",
				"inherits": "2",
				"minimatch": "^3.0.4",
				"once": "^1.3.0",
				"path-is-absolute": "^1.0.0"
			}
		},
		"graceful-fs": {
			"version": "4.2.8",
			"resolved": "https://registry.npmjs.org/graceful-fs/-/graceful-fs-4.2.8.tgz",
			"integrity": "sha512-qkIilPUYcNhJpd33n0GBXTB1MMPp14TxEsEs0pTrsSVucApsYzW5V+Q8Qxhik6KU3evy+qkAAowTByymK0avdg==",
			"dev": true
		},
		"human-signals": {
			"version": "2.1.0",
			"resolved": "https://registry.npmjs.org/human-signals/-/human-signals-2.1.0.tgz",
			"integrity": "sha512-B4FFZ6q/T2jhhksgkbEW3HBvWIfDW85snkQgawt07S7J5QXTk6BkNV+0yAeZrM5QpMAdYlocGoljn0sJ/WQkFw=="
		},
		"inflight": {
			"version": "1.0.6",
			"resolved": "https://registry.npmjs.org/inflight/-/inflight-1.0.6.tgz",
			"integrity": "sha1-Sb1jMdfQLQwJvJEKEHW6gWW1bfk=",
			"dev": true,
			"requires": {
				"once": "^1.3.0",
				"wrappy": "1"
			}
		},
		"inherits": {
			"version": "2.0.4",
			"resolved": "https://registry.npmjs.org/inherits/-/inherits-2.0.4.tgz",
			"integrity": "sha512-k/vGaX4/Yla3WzyMCvTQOXYeIHvqOKtnqBduzTHpzpQZzAskKMhZ2K+EnBiSM9zGSoIFeMpXKxa4dYeZIQqewQ==",
			"dev": true
		},
		"is-docker": {
			"version": "2.2.1",
			"resolved": "https://registry.npmjs.org/is-docker/-/is-docker-2.2.1.tgz",
			"integrity": "sha512-F+i2BKsFrH66iaUFc0woD8sLy8getkwTwtOBjvs56Cx4CgJDeKQeqfz8wAYiSb8JOprWhHH5p77PbmYCvvUuXQ=="
		},
		"is-stream": {
			"version": "2.0.1",
			"resolved": "https://registry.npmjs.org/is-stream/-/is-stream-2.0.1.tgz",
			"integrity": "sha512-hFoiJiTl63nn+kstHGBtewWSKnQLpyb155KHheA1l39uvtO9nWIop1p3udqPcUd/xbF1VLMO4n7OI6p7RbngDg=="
		},
		"is-wsl": {
			"version": "1.1.0",
			"resolved": "https://registry.npmjs.org/is-wsl/-/is-wsl-1.1.0.tgz",
			"integrity": "sha1-HxbkqiKwTRM2tmGIpmrzxgDDpm0="
		},
		"isarray": {
			"version": "1.0.0",
			"resolved": "https://registry.npmjs.org/isarray/-/isarray-1.0.0.tgz",
			"integrity": "sha1-u5NdSFgsuhaMBoNJV6VKPgcSTxE=",
			"dev": true
		},
		"isexe": {
			"version": "2.0.0",
			"resolved": "https://registry.npmjs.org/isexe/-/isexe-2.0.0.tgz",
			"integrity": "sha512-RHxMLp9lnKHGHRng9QFhRCMbYAcVpn69smSGcq3f36xjgVVWThj4qqLbTLlq7Ssj8B+fIQ1EuCEGI2lKsyQeIw=="
		},
		"listenercount": {
			"version": "1.0.1",
			"resolved": "https://registry.npmjs.org/listenercount/-/listenercount-1.0.1.tgz",
			"integrity": "sha1-hMinKrWcRyUyFIDJdeZQg0LnCTc=",
			"dev": true
		},
		"merge-stream": {
			"version": "2.0.0",
			"resolved": "https://registry.npmjs.org/merge-stream/-/merge-stream-2.0.0.tgz",
			"integrity": "sha512-abv/qOcuPfk3URPfDzmZU1LKmuw8kT+0nIHvKrKgFrwifol/doWcdA4ZqsWQ8ENrFKkd67Mfpo/LovbIUsbt3w=="
		},
		"mimic-fn": {
			"version": "2.1.0",
			"resolved": "https://registry.npmjs.org/mimic-fn/-/mimic-fn-2.1.0.tgz",
			"integrity": "sha512-OqbOk5oEQeAZ8WXWydlu9HJjz9WVdEIvamMCcXmuqUYjTknH/sqsWvhQ3vgwKFRR1HpjvNBKQ37nbJgYzGqGcg=="
		},
		"minimatch": {
			"version": "3.1.2",
			"resolved": "https://registry.npmjs.org/minimatch/-/minimatch-3.1.2.tgz",
			"integrity": "sha512-J7p63hRiAjw1NDEww1W7i37+ByIrOWO5XQQAzZ3VOcL0PNybwpfmV/N05zFAzwQ9USyEcX6t3UO+K5aqBQOIHw==",
			"dev": true,
			"requires": {
				"brace-expansion": "^1.1.7"
			}
		},
		"minimist": {
			"version": "1.2.6",
			"resolved": "https://registry.npmjs.org/minimist/-/minimist-1.2.6.tgz",
			"integrity": "sha512-Jsjnk4bw3YJqYzbdyBiNsPWHPfO++UGG749Cxs6peCu5Xg4nrena6OVxOYxrQTqww0Jmwt+Ref8rggumkTLz9Q==",
			"dev": true
		},
		"mkdirp": {
			"version": "0.5.6",
			"resolved": "https://registry.npmjs.org/mkdirp/-/mkdirp-0.5.6.tgz",
			"integrity": "sha512-FP+p8RB8OWpF3YZBCrP5gtADmtXApB5AMLn+vdyA+PyxCjrCs00mjyUozssO33cwDeT3wNGdLxJ5M//YqtHAJw==",
			"dev": true,
			"requires": {
				"minimist": "^1.2.6"
			}
		},
		"npm-run-path": {
			"version": "4.0.1",
			"resolved": "https://registry.npmjs.org/npm-run-path/-/npm-run-path-4.0.1.tgz",
			"integrity": "sha512-S48WzZW777zhNIrn7gxOlISNAqi9ZC/uQFnRdbeIHhZhCA6UqpkOT8T1G7BvfdgP4Er8gF4sUbaS0i7QvIfCWw==",
			"requires": {
				"path-key": "^3.0.0"
			}
		},
		"once": {
			"version": "1.4.0",
			"resolved": "https://registry.npmjs.org/once/-/once-1.4.0.tgz",
			"integrity": "sha1-WDsap3WWHUsROsF9nFC6753Xa9E=",
			"dev": true,
			"requires": {
				"wrappy": "1"
			}
		},
		"onetime": {
			"version": "5.1.2",
			"resolved": "https://registry.npmjs.org/onetime/-/onetime-5.1.2.tgz",
			"integrity": "sha512-kbpaSSGJTWdAY5KPVeMOKXSrPtr8C8C7wodJbcsd51jRnmD+GZu8Y0VoU6Dm5Z4vWr0Ig/1NKuWRKf7j5aaYSg==",
			"requires": {
				"mimic-fn": "^2.1.0"
			}
		},
		"open": {
			"version": "6.4.0",
			"resolved": "https://registry.npmjs.org/open/-/open-6.4.0.tgz",
			"integrity": "sha512-IFenVPgF70fSm1keSd2iDBIDIBZkroLeuffXq+wKTzTJlBpesFWojV9lb8mzOfaAzM1sr7HQHuO0vtV0zYekGg==",
			"requires": {
				"is-wsl": "^1.1.0"
			}
		},
		"path-is-absolute": {
			"version": "1.0.1",
			"resolved": "https://registry.npmjs.org/path-is-absolute/-/path-is-absolute-1.0.1.tgz",
			"integrity": "sha1-F0uSaHNVNP+8es5r9TpanhtcX18=",
			"dev": true
		},
		"path-key": {
			"version": "3.1.1",
			"resolved": "https://registry.npmjs.org/path-key/-/path-key-3.1.1.tgz",
			"integrity": "sha512-ojmeN0qd+y0jszEtoY48r0Peq5dwMEkIlCOu6Q5f41lfkswXuKtYrhgoTpLnyIcHm24Uhqx+5Tqm2InSwLhE6Q=="
		},
		"process-nextick-args": {
			"version": "2.0.1",
			"resolved": "https://registry.npmjs.org/process-nextick-args/-/process-nextick-args-2.0.1.tgz",
			"integrity": "sha512-3ouUOpQhtgrbOa17J7+uxOTpITYWaGP7/AhoR3+A+/1e9skrzelGi/dXzEYyvbxubEF6Wn2ypscTKiKJFFn1ag==",
			"dev": true
		},
		"readable-stream": {
			"version": "2.3.7",
			"resolved": "https://registry.npmjs.org/readable-stream/-/readable-stream-2.3.7.tgz",
			"integrity": "sha512-Ebho8K4jIbHAxnuxi7o42OrZgF/ZTNcsZj6nRKyUmkhLFq8CHItp/fy6hQZuZmP/n3yZ9VBUbp4zz/mX8hmYPw==",
			"dev": true,
			"requires": {
				"core-util-is": "~1.0.0",
				"inherits": "~2.0.3",
				"isarray": "~1.0.0",
				"process-nextick-args": "~2.0.0",
				"safe-buffer": "~5.1.1",
				"string_decoder": "~1.1.1",
				"util-deprecate": "~1.0.1"
			}
		},
		"rimraf": {
			"version": "3.0.2",
			"resolved": "https://registry.npmjs.org/rimraf/-/rimraf-3.0.2.tgz",
			"integrity": "sha512-JZkJMZkAGFFPP2YqXZXPbMlMBgsxzE8ILs4lMIX/2o0L9UBw9O/Y3o6wFw/i9YLapcUJWwqbi3kdxIPdC62TIA==",
			"dev": true,
			"requires": {
				"glob": "^7.1.3"
			}
		},
		"safe-buffer": {
			"version": "5.1.2",
			"resolved": "https://registry.npmjs.org/safe-buffer/-/safe-buffer-5.1.2.tgz",
			"integrity": "sha512-Gd2UZBJDkXlY7GbJxfsE8/nvKkUEU1G38c1siN6QP6a9PT9MmHB8GnpscSmMJSoF8LOIrt8ud/wPtojys4G6+g==",
			"dev": true
		},
		"setimmediate": {
			"version": "1.0.5",
			"resolved": "https://registry.npmjs.org/setimmediate/-/setimmediate-1.0.5.tgz",
			"integrity": "sha1-KQy7Iy4waULX1+qbg3Mqt4VvgoU=",
			"dev": true
		},
		"shebang-command": {
			"version": "2.0.0",
			"resolved": "https://registry.npmjs.org/shebang-command/-/shebang-command-2.0.0.tgz",
			"integrity": "sha512-kHxr2zZpYtdmrN1qDjrrX/Z1rR1kG8Dx+gkpK1G4eXmvXswmcE1hTWBWYUzlraYw1/yZp6YuDY77YtvbN0dmDA==",
			"requires": {
				"shebang-regex": "^3.0.0"
			}
		},
		"shebang-regex": {
			"version": "3.0.0",
			"resolved": "https://registry.npmjs.org/shebang-regex/-/shebang-regex-3.0.0.tgz",
			"integrity": "sha512-7++dFhtcx3353uBaq8DDR4NuxBetBzC7ZQOhmTQInHEd6bSrXdiEyzCvG07Z44UYdLShWUyXt5M/yhz8ekcb1A=="
		},
		"signal-exit": {
			"version": "3.0.7",
			"resolved": "https://registry.npmjs.org/signal-exit/-/signal-exit-3.0.7.tgz",
			"integrity": "sha512-wnD2ZE+l+SPC/uoS0vXeE9L1+0wuaMqKlfz9AMUo38JsyLSBWSFcHR1Rri62LZc12vLr1gb3jl7iwQhgwpAbGQ=="
		},
		"string_decoder": {
			"version": "1.1.1",
			"resolved": "https://registry.npmjs.org/string_decoder/-/string_decoder-1.1.1.tgz",
			"integrity": "sha512-n/ShnvDi6FHbbVfviro+WojiFzv+s8MPMHBczVePfUpDJLwoLT0ht1l4YwBCbi8pJAveEEdnkHyPyTP/mzRfwg==",
			"dev": true,
			"requires": {
				"safe-buffer": "~5.1.0"
			}
		},
		"strip-final-newline": {
			"version": "2.0.0",
			"resolved": "https://registry.npmjs.org/strip-final-newline/-/strip-final-newline-2.0.0.tgz",
			"integrity": "sha512-BrpvfNAE3dcvq7ll3xVumzjKjZQ5tI1sEUIKr3Uoks0XUl45St3FlatVqef9prk4jRDzhW6WZg+3bk93y6pLjA=="
		},
		"traverse": {
			"version": "0.3.9",
			"resolved": "https://registry.npmjs.org/traverse/-/traverse-0.3.9.tgz",
			"integrity": "sha1-cXuPIgzAu3tE5AUUwisui7xw2Lk=",
			"dev": true
		},
		"unzipper": {
			"version": "0.10.11",
			"resolved": "https://registry.npmjs.org/unzipper/-/unzipper-0.10.11.tgz",
			"integrity": "sha512-+BrAq2oFqWod5IESRjL3S8baohbevGcVA+teAIOYWM3pDVdseogqbzhhvvmiyQrUNKFUnDMtELW3X8ykbyDCJw==",
			"dev": true,
			"requires": {
				"big-integer": "^1.6.17",
				"binary": "~0.3.0",
				"bluebird": "~3.4.1",
				"buffer-indexof-polyfill": "~1.0.0",
				"duplexer2": "~0.1.4",
				"fstream": "^1.0.12",
				"graceful-fs": "^4.2.2",
				"listenercount": "~1.0.1",
				"readable-stream": "~2.3.6",
				"setimmediate": "~1.0.4"
			}
		},
		"util-deprecate": {
			"version": "1.0.2",
			"resolved": "https://registry.npmjs.org/util-deprecate/-/util-deprecate-1.0.2.tgz",
			"integrity": "sha1-RQ1Nyfpw3nMnYvvS1KKJgUGaDM8=",
			"dev": true
		},
		"vscode-jsonrpc": {
			"version": "3.6.2",
			"resolved": "https://registry.npmjs.org/vscode-jsonrpc/-/vscode-jsonrpc-3.6.2.tgz",
			"integrity": "sha512-T24Jb5V48e4VgYliUXMnZ379ItbrXgOimweKaJshD84z+8q7ZOZjJan0MeDe+Ugb+uqERDVV8SBmemaGMSMugA=="
		},
		"vscode-languageclient": {
			"version": "4.1.4",
			"resolved": "https://registry.npmjs.org/vscode-languageclient/-/vscode-languageclient-4.1.4.tgz",
			"integrity": "sha512-V2fWd+2vm8wmShjgciBxovMzSXMzBFtQo2R6OIW5kJIynds6x0J3SwMNa3QKAmhsCDy3WmBwnplBGtyGNNnvPA==",
			"requires": {
				"vscode-languageserver-protocol": "^3.7.2"
			}
		},
		"vscode-languageserver-protocol": {
			"version": "3.7.2",
			"resolved": "https://registry.npmjs.org/vscode-languageserver-protocol/-/vscode-languageserver-protocol-3.7.2.tgz",
			"integrity": "sha512-VVJwIA/FPl/FnVtrns0FPK6TLi/ET7n1Yo6tCrm6aG7+yAVwIGWdpTmKE+nbP8wEMMbHCkIabk63IJvfz2HNRg==",
			"requires": {
				"vscode-jsonrpc": "^3.6.2",
				"vscode-languageserver-types": "^3.7.2"
			}
		},
		"vscode-languageserver-types": {
			"version": "3.7.2",
			"resolved": "https://registry.npmjs.org/vscode-languageserver-types/-/vscode-languageserver-types-3.7.2.tgz",
			"integrity": "sha512-L9D2RA+PDS2CiyhLQY5ZrOmyRvXyjc4Ha8s9PqS6mIgGxj00R5Xx2vLKBnAOVfrawJXYZST+2hioMks6SQVU7A=="
		},
		"which": {
			"version": "2.0.2",
			"resolved": "https://registry.npmjs.org/which/-/which-2.0.2.tgz",
			"integrity": "sha512-BLI3Tl1TW3Pvl70l3yq3Y64i+awpwXqsGBYWkkqMtnbXgrMD+yj7rhW0kuEDxzJaYXGjEW5ogapKNMEKNMjibA==",
			"requires": {
				"isexe": "^2.0.0"
			}
		},
		"wrappy": {
			"version": "1.0.2",
			"resolved": "https://registry.npmjs.org/wrappy/-/wrappy-1.0.2.tgz",
			"integrity": "sha1-tSQ9jz7BqjXxNkYFvA0QNuMKtp8=",
			"dev": true
		}
	}
}
